
Microsoft Visual Studio Solution File, Format Version 12.00
# Visual Studio 15
VisualStudioVersion = 15.0.26124.0
MinimumVisualStudioVersion = 15.0.26124.0
Project("{2150E333-8FDC-42A3-9474-1A3956D46DE8}") = "Problem212", "Problem212", "{F09AEB2D-0FB9-45BA-8684-85603AADF507}"
EndProject
Project("{FAE04EC0-301F-11D3-BF4B-00C04F79EFBC}") = "SpreadsheetColumnEncoding", "Problem212\SpreadsheetColumnEncoding\SpreadsheetColumnEncoding.csproj", "{947E93A0-6E82-41D7-A12F-CA47D94A4622}"
EndProject
Project("{FAE04EC0-301F-11D3-BF4B-00C04F79EFBC}") = "SpreadsheetColumnEncodign.Tests", "Problem212\SpreadsheetColumnEncodign.Tests\SpreadsheetColumnEncodign.Tests.csproj", "{81CD27CA-2469-479D-BD3F-567D17187A0B}"
EndProject
Global
	GlobalSection(SolutionConfigurationPlatforms) = preSolution
		Debug|Any CPU = Debug|Any CPU
		Debug|x64 = Debug|x64
		Debug|x86 = Debug|x86
		Release|Any CPU = Release|Any CPU
		Release|x64 = Release|x64
		Release|x86 = Release|x86
	EndGlobalSection
	GlobalSection(SolutionProperties) = preSolution
		HideSolutionNode = FALSE
	EndGlobalSection
	GlobalSection(ProjectConfigurationPlatforms) = postSolution
		{947E93A0-6E82-41D7-A12F-CA47D94A4622}.Debug|Any CPU.ActiveCfg = Debug|Any CPU
		{947E93A0-6E82-41D7-A12F-CA47D94A4622}.Debug|Any CPU.Build.0 = Debug|Any CPU
		{947E93A0-6E82-41D7-A12F-CA47D94A4622}.Debug|x64.ActiveCfg = Debug|Any CPU
		{947E93A0-6E82-41D7-A12F-CA47D94A4622}.Debug|x64.Build.0 = Debug|Any CPU
		{947E93A0-6E82-41D7-A12F-CA47D94A4622}.Debug|x86.ActiveCfg = Debug|Any CPU
		{947E93A0-6E82-41D7-A12F-CA47D94A4622}.Debug|x86.Build.0 = Debug|Any CPU
		{947E93A0-6E82-41D7-A12F-CA47D94A4622}.Release|Any CPU.ActiveCfg = Release|Any CPU
		{947E93A0-6E82-41D7-A12F-CA47D94A4622}.Release|Any CPU.Build.0 = Release|Any CPU
		{947E93A0-6E82-41D7-A12F-CA47D94A4622}.Release|x64.ActiveCfg = Release|Any CPU
		{947E93A0-6E82-41D7-A12F-CA47D94A4622}.Release|x64.Build.0 = Release|Any CPU
		{947E93A0-6E82-41D7-A12F-CA47D94A4622}.Release|x86.ActiveCfg = Release|Any CPU
		{947E93A0-6E82-41D7-A12F-CA47D94A4622}.Release|x86.Build.0 = Release|Any CPU
		{81CD27CA-2469-479D-BD3F-567D17187A0B}.Debug|Any CPU.ActiveCfg = Debug|Any CPU
		{81CD27CA-2469-479D-BD3F-567D17187A0B}.Debug|Any CPU.Build.0 = Debug|Any CPU
		{81CD27CA-2469-479D-BD3F-567D17187A0B}.Debug|x64.ActiveCfg = Debug|Any CPU
		{81CD27CA-2469-479D-BD3F-567D17187A0B}.Debug|x64.Build.0 = Debug|Any CPU
		{81CD27CA-2469-479D-BD3F-567D17187A0B}.Debug|x86.ActiveCfg = Debug|Any CPU
		{81CD27CA-2469-479D-BD3F-567D17187A0B}.Debug|x86.Build.0 = Debug|Any CPU
		{81CD27CA-2469-479D-BD3F-567D17187A0B}.Release|Any CPU.ActiveCfg = Release|Any CPU
		{81CD27CA-2469-479D-BD3F-567D17187A0B}.Release|Any CPU.Build.0 = Release|Any CPU
		{81CD27CA-2469-479D-BD3F-567D17187A0B}.Release|x64.ActiveCfg = Release|Any CPU
		{81CD27CA-2469-479D-BD3F-567D17187A0B}.Release|x64.Build.0 = Release|Any CPU
		{81CD27CA-2469-479D-BD3F-567D17187A0B}.Release|x86.ActiveCfg = Release|Any CPU
		{81CD27CA-2469-479D-BD3F-567D17187A0B}.Release|x86.Build.0 = Release|Any CPU
	EndGlobalSection
	GlobalSection(NestedProjects) = preSolution
		{947E93A0-6E82-41D7-A12F-CA47D94A4622} = {F09AEB2D-0FB9-45BA-8684-85603AADF507}
		{81CD27CA-2469-479D-BD3F-567D17187A0B} = {F09AEB2D-0FB9-45BA-8684-85603AADF507}
	EndGlobalSection
EndGlobal
