
Microsoft Visual Studio Solution File, Format Version 12.00
# Visual Studio 15
VisualStudioVersion = 15.0.26124.0
MinimumVisualStudioVersion = 15.0.26124.0
Project("{2150E333-8FDC-42A3-9474-1A3956D46DE8}") = "Problem212", "Problem212", "{F09AEB2D-0FB9-45BA-8684-85603AADF507}"
EndProject
Project("{FAE04EC0-301F-11D3-BF4B-00C04F79EFBC}") = "SpreadsheetColumnEncoding", "Problem212\SpreadsheetColumnEncoding\SpreadsheetColumnEncoding.csproj", "{947E93A0-6E82-41D7-A12F-CA47D94A4622}"
EndProject
Project("{FAE04EC0-301F-11D3-BF4B-00C04F79EFBC}") = "SpreadsheetColumnEncodign.Tests", "Problem212\SpreadsheetColumnEncodign.Tests\SpreadsheetColumnEncodign.Tests.csproj", "{81CD27CA-2469-479D-BD3F-567D17187A0B}"
EndProject
Project("{2150E333-8FDC-42A3-9474-1A3956D46DE8}") = "Problem214", "Problem214", "{F942B9BE-FB0A-4F30-803C-BC57DD308D06}"
EndProject
Project("{FAE04EC0-301F-11D3-BF4B-00C04F79EFBC}") = "LongestConsecutive1InBinary", "Problem214\LongestConsecutive1InBinary\LongestConsecutive1InBinary.csproj", "{DF4FBAE6-2FEB-4B0F-B2D0-E5A761FC1148}"
EndProject
Project("{FAE04EC0-301F-11D3-BF4B-00C04F79EFBC}") = "LongestConsecutive1InBinary.Tests", "Problem214\LongestConsecutive1InBinary.Tests\LongestConsecutive1InBinary.Tests.csproj", "{4F4D6AB8-D3A2-44D4-874C-84B768D12C03}"
EndProject
Project("{2150E333-8FDC-42A3-9474-1A3956D46DE8}") = "Problem220", "Problem220", "{78C47376-6043-4F86-89F6-BE7CFB6A8514}"
EndProject
Project("{FAE04EC0-301F-11D3-BF4B-00C04F79EFBC}") = "MaxCoinValue", "Problem220\MaxCoinValue\MaxCoinValue.csproj", "{E91B526C-9BEA-455F-898F-727B60AB53EC}"
EndProject
Project("{FAE04EC0-301F-11D3-BF4B-00C04F79EFBC}") = "MaxCoinValue.Tests", "Problem220\MaxCoinValue.Tests\MaxCoinValue.Tests.csproj", "{32803EA2-1C86-4E13-A718-795DA835E175}"
EndProject
Global
	GlobalSection(SolutionConfigurationPlatforms) = preSolution
		Debug|Any CPU = Debug|Any CPU
		Debug|x64 = Debug|x64
		Debug|x86 = Debug|x86
		Release|Any CPU = Release|Any CPU
		Release|x64 = Release|x64
		Release|x86 = Release|x86
	EndGlobalSection
	GlobalSection(SolutionProperties) = preSolution
		HideSolutionNode = FALSE
	EndGlobalSection
	GlobalSection(ProjectConfigurationPlatforms) = postSolution
		{947E93A0-6E82-41D7-A12F-CA47D94A4622}.Debug|Any CPU.ActiveCfg = Debug|Any CPU
		{947E93A0-6E82-41D7-A12F-CA47D94A4622}.Debug|Any CPU.Build.0 = Debug|Any CPU
		{947E93A0-6E82-41D7-A12F-CA47D94A4622}.Debug|x64.ActiveCfg = Debug|Any CPU
		{947E93A0-6E82-41D7-A12F-CA47D94A4622}.Debug|x64.Build.0 = Debug|Any CPU
		{947E93A0-6E82-41D7-A12F-CA47D94A4622}.Debug|x86.ActiveCfg = Debug|Any CPU
		{947E93A0-6E82-41D7-A12F-CA47D94A4622}.Debug|x86.Build.0 = Debug|Any CPU
		{947E93A0-6E82-41D7-A12F-CA47D94A4622}.Release|Any CPU.ActiveCfg = Release|Any CPU
		{947E93A0-6E82-41D7-A12F-CA47D94A4622}.Release|Any CPU.Build.0 = Release|Any CPU
		{947E93A0-6E82-41D7-A12F-CA47D94A4622}.Release|x64.ActiveCfg = Release|Any CPU
		{947E93A0-6E82-41D7-A12F-CA47D94A4622}.Release|x64.Build.0 = Release|Any CPU
		{947E93A0-6E82-41D7-A12F-CA47D94A4622}.Release|x86.ActiveCfg = Release|Any CPU
		{947E93A0-6E82-41D7-A12F-CA47D94A4622}.Release|x86.Build.0 = Release|Any CPU
		{81CD27CA-2469-479D-BD3F-567D17187A0B}.Debug|Any CPU.ActiveCfg = Debug|Any CPU
		{81CD27CA-2469-479D-BD3F-567D17187A0B}.Debug|Any CPU.Build.0 = Debug|Any CPU
		{81CD27CA-2469-479D-BD3F-567D17187A0B}.Debug|x64.ActiveCfg = Debug|Any CPU
		{81CD27CA-2469-479D-BD3F-567D17187A0B}.Debug|x64.Build.0 = Debug|Any CPU
		{81CD27CA-2469-479D-BD3F-567D17187A0B}.Debug|x86.ActiveCfg = Debug|Any CPU
		{81CD27CA-2469-479D-BD3F-567D17187A0B}.Debug|x86.Build.0 = Debug|Any CPU
		{81CD27CA-2469-479D-BD3F-567D17187A0B}.Release|Any CPU.ActiveCfg = Release|Any CPU
		{81CD27CA-2469-479D-BD3F-567D17187A0B}.Release|Any CPU.Build.0 = Release|Any CPU
		{81CD27CA-2469-479D-BD3F-567D17187A0B}.Release|x64.ActiveCfg = Release|Any CPU
		{81CD27CA-2469-479D-BD3F-567D17187A0B}.Release|x64.Build.0 = Release|Any CPU
		{81CD27CA-2469-479D-BD3F-567D17187A0B}.Release|x86.ActiveCfg = Release|Any CPU
		{81CD27CA-2469-479D-BD3F-567D17187A0B}.Release|x86.Build.0 = Release|Any CPU
		{DF4FBAE6-2FEB-4B0F-B2D0-E5A761FC1148}.Debug|Any CPU.ActiveCfg = Debug|Any CPU
		{DF4FBAE6-2FEB-4B0F-B2D0-E5A761FC1148}.Debug|Any CPU.Build.0 = Debug|Any CPU
		{DF4FBAE6-2FEB-4B0F-B2D0-E5A761FC1148}.Debug|x64.ActiveCfg = Debug|Any CPU
		{DF4FBAE6-2FEB-4B0F-B2D0-E5A761FC1148}.Debug|x64.Build.0 = Debug|Any CPU
		{DF4FBAE6-2FEB-4B0F-B2D0-E5A761FC1148}.Debug|x86.ActiveCfg = Debug|Any CPU
		{DF4FBAE6-2FEB-4B0F-B2D0-E5A761FC1148}.Debug|x86.Build.0 = Debug|Any CPU
		{DF4FBAE6-2FEB-4B0F-B2D0-E5A761FC1148}.Release|Any CPU.ActiveCfg = Release|Any CPU
		{DF4FBAE6-2FEB-4B0F-B2D0-E5A761FC1148}.Release|Any CPU.Build.0 = Release|Any CPU
		{DF4FBAE6-2FEB-4B0F-B2D0-E5A761FC1148}.Release|x64.ActiveCfg = Release|Any CPU
		{DF4FBAE6-2FEB-4B0F-B2D0-E5A761FC1148}.Release|x64.Build.0 = Release|Any CPU
		{DF4FBAE6-2FEB-4B0F-B2D0-E5A761FC1148}.Release|x86.ActiveCfg = Release|Any CPU
		{DF4FBAE6-2FEB-4B0F-B2D0-E5A761FC1148}.Release|x86.Build.0 = Release|Any CPU
		{4F4D6AB8-D3A2-44D4-874C-84B768D12C03}.Debug|Any CPU.ActiveCfg = Debug|Any CPU
		{4F4D6AB8-D3A2-44D4-874C-84B768D12C03}.Debug|Any CPU.Build.0 = Debug|Any CPU
		{4F4D6AB8-D3A2-44D4-874C-84B768D12C03}.Debug|x64.ActiveCfg = Debug|Any CPU
		{4F4D6AB8-D3A2-44D4-874C-84B768D12C03}.Debug|x64.Build.0 = Debug|Any CPU
		{4F4D6AB8-D3A2-44D4-874C-84B768D12C03}.Debug|x86.ActiveCfg = Debug|Any CPU
		{4F4D6AB8-D3A2-44D4-874C-84B768D12C03}.Debug|x86.Build.0 = Debug|Any CPU
		{4F4D6AB8-D3A2-44D4-874C-84B768D12C03}.Release|Any CPU.ActiveCfg = Release|Any CPU
		{4F4D6AB8-D3A2-44D4-874C-84B768D12C03}.Release|Any CPU.Build.0 = Release|Any CPU
		{4F4D6AB8-D3A2-44D4-874C-84B768D12C03}.Release|x64.ActiveCfg = Release|Any CPU
		{4F4D6AB8-D3A2-44D4-874C-84B768D12C03}.Release|x64.Build.0 = Release|Any CPU
		{4F4D6AB8-D3A2-44D4-874C-84B768D12C03}.Release|x86.ActiveCfg = Release|Any CPU
		{4F4D6AB8-D3A2-44D4-874C-84B768D12C03}.Release|x86.Build.0 = Release|Any CPU
		{E91B526C-9BEA-455F-898F-727B60AB53EC}.Debug|Any CPU.ActiveCfg = Debug|Any CPU
		{E91B526C-9BEA-455F-898F-727B60AB53EC}.Debug|Any CPU.Build.0 = Debug|Any CPU
		{E91B526C-9BEA-455F-898F-727B60AB53EC}.Debug|x64.ActiveCfg = Debug|Any CPU
		{E91B526C-9BEA-455F-898F-727B60AB53EC}.Debug|x64.Build.0 = Debug|Any CPU
		{E91B526C-9BEA-455F-898F-727B60AB53EC}.Debug|x86.ActiveCfg = Debug|Any CPU
		{E91B526C-9BEA-455F-898F-727B60AB53EC}.Debug|x86.Build.0 = Debug|Any CPU
		{E91B526C-9BEA-455F-898F-727B60AB53EC}.Release|Any CPU.ActiveCfg = Release|Any CPU
		{E91B526C-9BEA-455F-898F-727B60AB53EC}.Release|Any CPU.Build.0 = Release|Any CPU
		{E91B526C-9BEA-455F-898F-727B60AB53EC}.Release|x64.ActiveCfg = Release|Any CPU
		{E91B526C-9BEA-455F-898F-727B60AB53EC}.Release|x64.Build.0 = Release|Any CPU
		{E91B526C-9BEA-455F-898F-727B60AB53EC}.Release|x86.ActiveCfg = Release|Any CPU
		{E91B526C-9BEA-455F-898F-727B60AB53EC}.Release|x86.Build.0 = Release|Any CPU
		{32803EA2-1C86-4E13-A718-795DA835E175}.Debug|Any CPU.ActiveCfg = Debug|Any CPU
		{32803EA2-1C86-4E13-A718-795DA835E175}.Debug|Any CPU.Build.0 = Debug|Any CPU
		{32803EA2-1C86-4E13-A718-795DA835E175}.Debug|x64.ActiveCfg = Debug|Any CPU
		{32803EA2-1C86-4E13-A718-795DA835E175}.Debug|x64.Build.0 = Debug|Any CPU
		{32803EA2-1C86-4E13-A718-795DA835E175}.Debug|x86.ActiveCfg = Debug|Any CPU
		{32803EA2-1C86-4E13-A718-795DA835E175}.Debug|x86.Build.0 = Debug|Any CPU
		{32803EA2-1C86-4E13-A718-795DA835E175}.Release|Any CPU.ActiveCfg = Release|Any CPU
		{32803EA2-1C86-4E13-A718-795DA835E175}.Release|Any CPU.Build.0 = Release|Any CPU
		{32803EA2-1C86-4E13-A718-795DA835E175}.Release|x64.ActiveCfg = Release|Any CPU
		{32803EA2-1C86-4E13-A718-795DA835E175}.Release|x64.Build.0 = Release|Any CPU
		{32803EA2-1C86-4E13-A718-795DA835E175}.Release|x86.ActiveCfg = Release|Any CPU
		{32803EA2-1C86-4E13-A718-795DA835E175}.Release|x86.Build.0 = Release|Any CPU
	EndGlobalSection
	GlobalSection(NestedProjects) = preSolution
		{947E93A0-6E82-41D7-A12F-CA47D94A4622} = {F09AEB2D-0FB9-45BA-8684-85603AADF507}
		{81CD27CA-2469-479D-BD3F-567D17187A0B} = {F09AEB2D-0FB9-45BA-8684-85603AADF507}
		{DF4FBAE6-2FEB-4B0F-B2D0-E5A761FC1148} = {F942B9BE-FB0A-4F30-803C-BC57DD308D06}
		{4F4D6AB8-D3A2-44D4-874C-84B768D12C03} = {F942B9BE-FB0A-4F30-803C-BC57DD308D06}
		{E91B526C-9BEA-455F-898F-727B60AB53EC} = {78C47376-6043-4F86-89F6-BE7CFB6A8514}
		{32803EA2-1C86-4E13-A718-795DA835E175} = {78C47376-6043-4F86-89F6-BE7CFB6A8514}
	EndGlobalSection
EndGlobal
